
Microsoft Visual Studio Solution File, Format Version 12.00
# Visual Studio Version 17
VisualStudioVersion = 17.13.35825.156 d17.13
MinimumVisualStudioVersion = 10.0.40219.1
Project("{FAE04EC0-301F-11D3-BF4B-00C04F79EFBC}") = "logic", "logic\logic.csproj", "{5F41D9D5-CA06-4AF8-85F0-5CCBE75C0CDA}"
EndProject
Global
	GlobalSection(SolutionConfigurationPlatforms) = preSolution
		Debug|Any CPU = Debug|Any CPU
		Release|Any CPU = Release|Any CPU
	EndGlobalSection
	GlobalSection(ProjectConfigurationPlatforms) = postSolution
		{5F41D9D5-CA06-4AF8-85F0-5CCBE75C0CDA}.Debug|Any CPU.ActiveCfg = Debug|Any CPU
		{5F41D9D5-CA06-4AF8-85F0-5CCBE75C0CDA}.Debug|Any CPU.Build.0 = Debug|Any CPU
		{5F41D9D5-CA06-4AF8-85F0-5CCBE75C0CDA}.Release|Any CPU.ActiveCfg = Release|Any CPU
		{5F41D9D5-CA06-4AF8-85F0-5CCBE75C0CDA}.Release|Any CPU.Build.0 = Release|Any CPU
	EndGlobalSection
	GlobalSection(SolutionProperties) = preSolution
		HideSolutionNode = FALSE
	EndGlobalSection
	GlobalSection(ExtensibilityGlobals) = postSolution
		SolutionGuid = {F7E9395D-09B4-4A1D-B911-974F90375700}
	EndGlobalSection
EndGlobal
